
Microsoft Visual Studio Solution File, Format Version 12.00
# Visual Studio Version 16
VisualStudioVersion = 16.0.31605.320
MinimumVisualStudioVersion = 10.0.40219.1
Project("{9A19103F-16F7-4668-BE54-9A1E7A4F7556}") = "HelloWorld", "HelloWorld\HelloWorld.csproj", "{E5062C38-0FF8-4FC4-B6A5-C8BB138707FA}"
EndProject
Project("{9A19103F-16F7-4668-BE54-9A1E7A4F7556}") = "VariablerOchOperatorer_(23Aug)", "VariablerOchOperatorer\VariablerOchOperatorer_(23Aug).csproj", "{946D9871-86A8-4CD8-9008-28C5A77B4C75}"
EndProject
Project("{9A19103F-16F7-4668-BE54-9A1E7A4F7556}") = "Loops_(23Aug)", "Loops_(23Aug)\Loops_(23Aug).csproj", "{B7CEA138-6AF4-461B-9FEF-18568EB8F22E}"
EndProject
Project("{9A19103F-16F7-4668-BE54-9A1E7A4F7556}") = "Array_25Aug", "Array_25Aug\Array_25Aug.csproj", "{87CC3032-C443-4FB9-B648-178C66D6E055}"
EndProject
Project("{9A19103F-16F7-4668-BE54-9A1E7A4F7556}") = "Methods_25Aug", "Methods\Methods_25Aug.csproj", "{995D9C69-98DB-455C-A081-2D94CF7FE6BA}"
EndProject
Project("{9A19103F-16F7-4668-BE54-9A1E7A4F7556}") = "Övningsuppgifter", "Övningsuppgifter\Övningsuppgifter.csproj", "{CC82A8AD-9ECD-4D6B-97C0-8DEAE43F3FB8}"
EndProject
Project("{9A19103F-16F7-4668-BE54-9A1E7A4F7556}") = "Class", "Class\Class.csproj", "{72338155-2C78-46CA-9BB5-E1F366DCB64A}"
EndProject
Project("{9A19103F-16F7-4668-BE54-9A1E7A4F7556}") = "Arv", "Arv\Arv.csproj", "{6C6EC0D1-8A42-41AC-8B2E-7E8C54D64E54}"
EndProject
Project("{9A19103F-16F7-4668-BE54-9A1E7A4F7556}") = "LIbraryExample", "LIbraryExample\LIbraryExample.csproj", "{6E1E333C-E2F2-472A-BC53-7188280F6F33}"
EndProject
Project("{9A19103F-16F7-4668-BE54-9A1E7A4F7556}") = "ExceptionHandling", "ExceptionHandling\ExceptionHandling.csproj", "{F5BDF018-D4B6-440E-B9FA-CB3C6ACA8E33}"
EndProject
Project("{9A19103F-16F7-4668-BE54-9A1E7A4F7556}") = "RockPaperScissors", "RockPaperScissors\RockPaperScissors.csproj", "{F2F962DE-5560-4893-B75F-9F8D398C4AC9}"
EndProject
Project("{9A19103F-16F7-4668-BE54-9A1E7A4F7556}") = "GenericCollections", "GenericCollections\GenericCollections.csproj", "{36D5C66A-9278-40FA-A3E3-F8853F253269}"
EndProject
Project("{9A19103F-16F7-4668-BE54-9A1E7A4F7556}") = "SqlDemo", "SqlDemo\SqlDemo.csproj", "{9945D83A-2988-4041-8658-8336CE53B6EB}"
EndProject
Project("{9A19103F-16F7-4668-BE54-9A1E7A4F7556}") = "EventDemo", "EventDemo\EventDemo.csproj", "{030745CE-4F4A-4872-BAC7-B65FCA20F798}"
EndProject
Project("{9A19103F-16F7-4668-BE54-9A1E7A4F7556}") = "AnonymousTypes", "AnonymousTypes\AnonymousTypes.csproj", "{CF3C15BF-AA99-444B-9596-16AEFF2C7C5E}"
EndProject
Project("{9A19103F-16F7-4668-BE54-9A1E7A4F7556}") = "LINQdemo", "LINQdemo\LINQdemo.csproj", "{2230CA8C-E4FB-4B1F-9772-C031BF91A958}"
EndProject
Project("{9A19103F-16F7-4668-BE54-9A1E7A4F7556}") = "MongoDBDemo", "MongoDBDemo\MongoDBDemo.csproj", "{011572B1-DB31-43F4-B0D0-4E531CAC6C80}"
EndProject
Project("{9A19103F-16F7-4668-BE54-9A1E7A4F7556}") = "WinFormsDemo", "WinFormsDemo\WinFormsDemo.csproj", "{645C1909-317C-4ECC-B0C6-442C2BB8114F}"
EndProject
Project("{9A19103F-16F7-4668-BE54-9A1E7A4F7556}") = "WinFormsControlsOverview", "WinFormsControlsOverview\WinFormsControlsOverview.csproj", "{78ED4787-F2D6-4CEE-87C6-BBB32D232C1E}"
EndProject
Project("{9A19103F-16F7-4668-BE54-9A1E7A4F7556}") = "InterfaceDemo", "InterfaceDemo\InterfaceDemo.csproj", "{55272253-FF2F-4600-ABB8-1C004372E9EC}"
EndProject
Project("{9A19103F-16F7-4668-BE54-9A1E7A4F7556}") = "ExtensionsMethods", "ExtensionsMethods\ExtensionsMethods.csproj", "{B272E318-FAC2-4EC7-A378-C86CFFB896BA}"
EndProject
Project("{9A19103F-16F7-4668-BE54-9A1E7A4F7556}") = "ConstructorChaining", "ConstructorChaining\ConstructorChaining.csproj", "{CD83C468-8F0C-4C69-81C0-8874AF9E0E0A}"
EndProject
Project("{9A19103F-16F7-4668-BE54-9A1E7A4F7556}") = "WinFormsMultiForms", "WinFormsMultiForms\WinFormsMultiForms.csproj", "{7583F790-39C1-4C27-B0C2-DE6BC29A896B}"
EndProject
Project("{FAE04EC0-301F-11D3-BF4B-00C04F79EFBC}") = "WinFormsUserControl", "WinFormsUserControl\WinFormsUserControl.csproj", "{91EF6A52-4914-4C75-96E4-C24FA86854E4}"
EndProject
Global
	GlobalSection(SolutionConfigurationPlatforms) = preSolution
		Debug|Any CPU = Debug|Any CPU
		Release|Any CPU = Release|Any CPU
	EndGlobalSection
	GlobalSection(ProjectConfigurationPlatforms) = postSolution
		{E5062C38-0FF8-4FC4-B6A5-C8BB138707FA}.Debug|Any CPU.ActiveCfg = Debug|Any CPU
		{E5062C38-0FF8-4FC4-B6A5-C8BB138707FA}.Debug|Any CPU.Build.0 = Debug|Any CPU
		{E5062C38-0FF8-4FC4-B6A5-C8BB138707FA}.Release|Any CPU.ActiveCfg = Release|Any CPU
		{E5062C38-0FF8-4FC4-B6A5-C8BB138707FA}.Release|Any CPU.Build.0 = Release|Any CPU
		{946D9871-86A8-4CD8-9008-28C5A77B4C75}.Debug|Any CPU.ActiveCfg = Debug|Any CPU
		{946D9871-86A8-4CD8-9008-28C5A77B4C75}.Debug|Any CPU.Build.0 = Debug|Any CPU
		{946D9871-86A8-4CD8-9008-28C5A77B4C75}.Release|Any CPU.ActiveCfg = Release|Any CPU
		{946D9871-86A8-4CD8-9008-28C5A77B4C75}.Release|Any CPU.Build.0 = Release|Any CPU
		{B7CEA138-6AF4-461B-9FEF-18568EB8F22E}.Debug|Any CPU.ActiveCfg = Debug|Any CPU
		{B7CEA138-6AF4-461B-9FEF-18568EB8F22E}.Debug|Any CPU.Build.0 = Debug|Any CPU
		{B7CEA138-6AF4-461B-9FEF-18568EB8F22E}.Release|Any CPU.ActiveCfg = Release|Any CPU
		{B7CEA138-6AF4-461B-9FEF-18568EB8F22E}.Release|Any CPU.Build.0 = Release|Any CPU
		{87CC3032-C443-4FB9-B648-178C66D6E055}.Debug|Any CPU.ActiveCfg = Debug|Any CPU
		{87CC3032-C443-4FB9-B648-178C66D6E055}.Debug|Any CPU.Build.0 = Debug|Any CPU
		{87CC3032-C443-4FB9-B648-178C66D6E055}.Release|Any CPU.ActiveCfg = Release|Any CPU
		{87CC3032-C443-4FB9-B648-178C66D6E055}.Release|Any CPU.Build.0 = Release|Any CPU
		{995D9C69-98DB-455C-A081-2D94CF7FE6BA}.Debug|Any CPU.ActiveCfg = Debug|Any CPU
		{995D9C69-98DB-455C-A081-2D94CF7FE6BA}.Debug|Any CPU.Build.0 = Debug|Any CPU
		{995D9C69-98DB-455C-A081-2D94CF7FE6BA}.Release|Any CPU.ActiveCfg = Release|Any CPU
		{995D9C69-98DB-455C-A081-2D94CF7FE6BA}.Release|Any CPU.Build.0 = Release|Any CPU
		{CC82A8AD-9ECD-4D6B-97C0-8DEAE43F3FB8}.Debug|Any CPU.ActiveCfg = Debug|Any CPU
		{CC82A8AD-9ECD-4D6B-97C0-8DEAE43F3FB8}.Debug|Any CPU.Build.0 = Debug|Any CPU
		{CC82A8AD-9ECD-4D6B-97C0-8DEAE43F3FB8}.Release|Any CPU.ActiveCfg = Release|Any CPU
		{CC82A8AD-9ECD-4D6B-97C0-8DEAE43F3FB8}.Release|Any CPU.Build.0 = Release|Any CPU
		{72338155-2C78-46CA-9BB5-E1F366DCB64A}.Debug|Any CPU.ActiveCfg = Debug|Any CPU
		{72338155-2C78-46CA-9BB5-E1F366DCB64A}.Debug|Any CPU.Build.0 = Debug|Any CPU
		{72338155-2C78-46CA-9BB5-E1F366DCB64A}.Release|Any CPU.ActiveCfg = Release|Any CPU
		{72338155-2C78-46CA-9BB5-E1F366DCB64A}.Release|Any CPU.Build.0 = Release|Any CPU
		{6C6EC0D1-8A42-41AC-8B2E-7E8C54D64E54}.Debug|Any CPU.ActiveCfg = Debug|Any CPU
		{6C6EC0D1-8A42-41AC-8B2E-7E8C54D64E54}.Debug|Any CPU.Build.0 = Debug|Any CPU
		{6C6EC0D1-8A42-41AC-8B2E-7E8C54D64E54}.Release|Any CPU.ActiveCfg = Release|Any CPU
		{6C6EC0D1-8A42-41AC-8B2E-7E8C54D64E54}.Release|Any CPU.Build.0 = Release|Any CPU
		{6E1E333C-E2F2-472A-BC53-7188280F6F33}.Debug|Any CPU.ActiveCfg = Debug|Any CPU
		{6E1E333C-E2F2-472A-BC53-7188280F6F33}.Debug|Any CPU.Build.0 = Debug|Any CPU
		{6E1E333C-E2F2-472A-BC53-7188280F6F33}.Release|Any CPU.ActiveCfg = Release|Any CPU
		{6E1E333C-E2F2-472A-BC53-7188280F6F33}.Release|Any CPU.Build.0 = Release|Any CPU
		{F5BDF018-D4B6-440E-B9FA-CB3C6ACA8E33}.Debug|Any CPU.ActiveCfg = Debug|Any CPU
		{F5BDF018-D4B6-440E-B9FA-CB3C6ACA8E33}.Debug|Any CPU.Build.0 = Debug|Any CPU
		{F5BDF018-D4B6-440E-B9FA-CB3C6ACA8E33}.Release|Any CPU.ActiveCfg = Release|Any CPU
		{F5BDF018-D4B6-440E-B9FA-CB3C6ACA8E33}.Release|Any CPU.Build.0 = Release|Any CPU
		{F2F962DE-5560-4893-B75F-9F8D398C4AC9}.Debug|Any CPU.ActiveCfg = Debug|Any CPU
		{F2F962DE-5560-4893-B75F-9F8D398C4AC9}.Debug|Any CPU.Build.0 = Debug|Any CPU
		{F2F962DE-5560-4893-B75F-9F8D398C4AC9}.Release|Any CPU.ActiveCfg = Release|Any CPU
		{F2F962DE-5560-4893-B75F-9F8D398C4AC9}.Release|Any CPU.Build.0 = Release|Any CPU
		{36D5C66A-9278-40FA-A3E3-F8853F253269}.Debug|Any CPU.ActiveCfg = Debug|Any CPU
		{36D5C66A-9278-40FA-A3E3-F8853F253269}.Debug|Any CPU.Build.0 = Debug|Any CPU
		{36D5C66A-9278-40FA-A3E3-F8853F253269}.Release|Any CPU.ActiveCfg = Release|Any CPU
		{36D5C66A-9278-40FA-A3E3-F8853F253269}.Release|Any CPU.Build.0 = Release|Any CPU
		{9945D83A-2988-4041-8658-8336CE53B6EB}.Debug|Any CPU.ActiveCfg = Debug|Any CPU
		{9945D83A-2988-4041-8658-8336CE53B6EB}.Debug|Any CPU.Build.0 = Debug|Any CPU
		{9945D83A-2988-4041-8658-8336CE53B6EB}.Release|Any CPU.ActiveCfg = Release|Any CPU
		{9945D83A-2988-4041-8658-8336CE53B6EB}.Release|Any CPU.Build.0 = Release|Any CPU
		{030745CE-4F4A-4872-BAC7-B65FCA20F798}.Debug|Any CPU.ActiveCfg = Debug|Any CPU
		{030745CE-4F4A-4872-BAC7-B65FCA20F798}.Debug|Any CPU.Build.0 = Debug|Any CPU
		{030745CE-4F4A-4872-BAC7-B65FCA20F798}.Release|Any CPU.ActiveCfg = Release|Any CPU
		{030745CE-4F4A-4872-BAC7-B65FCA20F798}.Release|Any CPU.Build.0 = Release|Any CPU
		{CF3C15BF-AA99-444B-9596-16AEFF2C7C5E}.Debug|Any CPU.ActiveCfg = Debug|Any CPU
		{CF3C15BF-AA99-444B-9596-16AEFF2C7C5E}.Debug|Any CPU.Build.0 = Debug|Any CPU
		{CF3C15BF-AA99-444B-9596-16AEFF2C7C5E}.Release|Any CPU.ActiveCfg = Release|Any CPU
		{CF3C15BF-AA99-444B-9596-16AEFF2C7C5E}.Release|Any CPU.Build.0 = Release|Any CPU
		{2230CA8C-E4FB-4B1F-9772-C031BF91A958}.Debug|Any CPU.ActiveCfg = Debug|Any CPU
		{2230CA8C-E4FB-4B1F-9772-C031BF91A958}.Debug|Any CPU.Build.0 = Debug|Any CPU
		{2230CA8C-E4FB-4B1F-9772-C031BF91A958}.Release|Any CPU.ActiveCfg = Release|Any CPU
		{2230CA8C-E4FB-4B1F-9772-C031BF91A958}.Release|Any CPU.Build.0 = Release|Any CPU
		{011572B1-DB31-43F4-B0D0-4E531CAC6C80}.Debug|Any CPU.ActiveCfg = Debug|Any CPU
		{011572B1-DB31-43F4-B0D0-4E531CAC6C80}.Debug|Any CPU.Build.0 = Debug|Any CPU
		{011572B1-DB31-43F4-B0D0-4E531CAC6C80}.Release|Any CPU.ActiveCfg = Release|Any CPU
		{011572B1-DB31-43F4-B0D0-4E531CAC6C80}.Release|Any CPU.Build.0 = Release|Any CPU
		{645C1909-317C-4ECC-B0C6-442C2BB8114F}.Debug|Any CPU.ActiveCfg = Debug|Any CPU
		{645C1909-317C-4ECC-B0C6-442C2BB8114F}.Debug|Any CPU.Build.0 = Debug|Any CPU
		{645C1909-317C-4ECC-B0C6-442C2BB8114F}.Release|Any CPU.ActiveCfg = Release|Any CPU
		{645C1909-317C-4ECC-B0C6-442C2BB8114F}.Release|Any CPU.Build.0 = Release|Any CPU
		{78ED4787-F2D6-4CEE-87C6-BBB32D232C1E}.Debug|Any CPU.ActiveCfg = Debug|Any CPU
		{78ED4787-F2D6-4CEE-87C6-BBB32D232C1E}.Debug|Any CPU.Build.0 = Debug|Any CPU
		{78ED4787-F2D6-4CEE-87C6-BBB32D232C1E}.Release|Any CPU.ActiveCfg = Release|Any CPU
		{78ED4787-F2D6-4CEE-87C6-BBB32D232C1E}.Release|Any CPU.Build.0 = Release|Any CPU
		{55272253-FF2F-4600-ABB8-1C004372E9EC}.Debug|Any CPU.ActiveCfg = Debug|Any CPU
		{55272253-FF2F-4600-ABB8-1C004372E9EC}.Debug|Any CPU.Build.0 = Debug|Any CPU
		{55272253-FF2F-4600-ABB8-1C004372E9EC}.Release|Any CPU.ActiveCfg = Release|Any CPU
		{55272253-FF2F-4600-ABB8-1C004372E9EC}.Release|Any CPU.Build.0 = Release|Any CPU
		{B272E318-FAC2-4EC7-A378-C86CFFB896BA}.Debug|Any CPU.ActiveCfg = Debug|Any CPU
		{B272E318-FAC2-4EC7-A378-C86CFFB896BA}.Debug|Any CPU.Build.0 = Debug|Any CPU
		{B272E318-FAC2-4EC7-A378-C86CFFB896BA}.Release|Any CPU.ActiveCfg = Release|Any CPU
		{B272E318-FAC2-4EC7-A378-C86CFFB896BA}.Release|Any CPU.Build.0 = Release|Any CPU
		{CD83C468-8F0C-4C69-81C0-8874AF9E0E0A}.Debug|Any CPU.ActiveCfg = Debug|Any CPU
		{CD83C468-8F0C-4C69-81C0-8874AF9E0E0A}.Debug|Any CPU.Build.0 = Debug|Any CPU
		{CD83C468-8F0C-4C69-81C0-8874AF9E0E0A}.Release|Any CPU.ActiveCfg = Release|Any CPU
		{CD83C468-8F0C-4C69-81C0-8874AF9E0E0A}.Release|Any CPU.Build.0 = Release|Any CPU
		{7583F790-39C1-4C27-B0C2-DE6BC29A896B}.Debug|Any CPU.ActiveCfg = Debug|Any CPU
		{7583F790-39C1-4C27-B0C2-DE6BC29A896B}.Debug|Any CPU.Build.0 = Debug|Any CPU
		{7583F790-39C1-4C27-B0C2-DE6BC29A896B}.Release|Any CPU.ActiveCfg = Release|Any CPU
		{7583F790-39C1-4C27-B0C2-DE6BC29A896B}.Release|Any CPU.Build.0 = Release|Any CPU
		{91EF6A52-4914-4C75-96E4-C24FA86854E4}.Debug|Any CPU.ActiveCfg = Debug|Any CPU
		{91EF6A52-4914-4C75-96E4-C24FA86854E4}.Debug|Any CPU.Build.0 = Debug|Any CPU
		{91EF6A52-4914-4C75-96E4-C24FA86854E4}.Release|Any CPU.ActiveCfg = Release|Any CPU
		{91EF6A52-4914-4C75-96E4-C24FA86854E4}.Release|Any CPU.Build.0 = Release|Any CPU
	EndGlobalSection
	GlobalSection(SolutionProperties) = preSolution
		HideSolutionNode = FALSE
	EndGlobalSection
	GlobalSection(ExtensibilityGlobals) = postSolution
		SolutionGuid = {9C813EE1-4451-4902-B929-0B9633CFBBB5}
	EndGlobalSection
EndGlobal
